
Microsoft Visual Studio Solution File, Format Version 12.00
# Visual Studio Version 17
VisualStudioVersion = 17.9.34902.65
MinimumVisualStudioVersion = 10.0.40219.1
Project("{FAE04EC0-301F-11D3-BF4B-00C04F79EFBC}") = "SimpleLoginAndRegister", "SimpleLoginAndRegister\SimpleLoginAndRegister.csproj", "{4DD386F4-0F29-439D-A4C1-43F36D31399F}"
EndProject
Global
	GlobalSection(SolutionConfigurationPlatforms) = preSolution
		Debug|Any CPU = Debug|Any CPU
		Release|Any CPU = Release|Any CPU
	EndGlobalSection
	GlobalSection(ProjectConfigurationPlatforms) = postSolution
		{4DD386F4-0F29-439D-A4C1-43F36D31399F}.Debug|Any CPU.ActiveCfg = Debug|Any CPU
		{4DD386F4-0F29-439D-A4C1-43F36D31399F}.Debug|Any CPU.Build.0 = Debug|Any CPU
		{4DD386F4-0F29-439D-A4C1-43F36D31399F}.Release|Any CPU.ActiveCfg = Release|Any CPU
		{4DD386F4-0F29-439D-A4C1-43F36D31399F}.Release|Any CPU.Build.0 = Release|Any CPU
	EndGlobalSection
	GlobalSection(SolutionProperties) = preSolution
		HideSolutionNode = FALSE
	EndGlobalSection
	GlobalSection(ExtensibilityGlobals) = postSolution
		SolutionGuid = {C836C509-9A81-473B-BCAC-D3B7FC200BDB}
	EndGlobalSection
EndGlobal
